
Microsoft Visual Studio Solution File, Format Version 12.00
# Visual Studio Version 17
VisualStudioVersion = 17.4.33205.214
MinimumVisualStudioVersion = 10.0.40219.1
Project("{FAE04EC0-301F-11D3-BF4B-00C04F79EFBC}") = "LinkedinJobApplicationAutomation", "LinkedinJobApplicationAutomation\LinkedinJobApplicationAutomation.csproj", "{46AC218E-0B4E-4664-A231-D43D380D6605}"
EndProject
Global
	GlobalSection(SolutionConfigurationPlatforms) = preSolution
		Debug|Any CPU = Debug|Any CPU
		Release|Any CPU = Release|Any CPU
	EndGlobalSection
	GlobalSection(ProjectConfigurationPlatforms) = postSolution
		{46AC218E-0B4E-4664-A231-D43D380D6605}.Debug|Any CPU.ActiveCfg = Debug|Any CPU
		{46AC218E-0B4E-4664-A231-D43D380D6605}.Debug|Any CPU.Build.0 = Debug|Any CPU
		{46AC218E-0B4E-4664-A231-D43D380D6605}.Release|Any CPU.ActiveCfg = Release|Any CPU
		{46AC218E-0B4E-4664-A231-D43D380D6605}.Release|Any CPU.Build.0 = Release|Any CPU
	EndGlobalSection
	GlobalSection(SolutionProperties) = preSolution
		HideSolutionNode = FALSE
	EndGlobalSection
	GlobalSection(ExtensibilityGlobals) = postSolution
		SolutionGuid = {829BD475-F02D-4353-863D-2AF3ED884107}
	EndGlobalSection
EndGlobal
